
Microsoft Visual Studio Solution File, Format Version 12.00
# Visual Studio Version 17
VisualStudioVersion = 17.14.36811.4 d17.14
MinimumVisualStudioVersion = 10.0.40219.1
Project("{FAE04EC0-301F-11D3-BF4B-00C04F79EFBC}") = "NZWalks.API", "NZWalks.API\NZWalks.API.csproj", "{1FA07D3E-F617-426D-BDCD-2D8141D7E93B}"
EndProject
Global
	GlobalSection(SolutionConfigurationPlatforms) = preSolution
		Debug|Any CPU = Debug|Any CPU
		Release|Any CPU = Release|Any CPU
	EndGlobalSection
	GlobalSection(ProjectConfigurationPlatforms) = postSolution
		{1FA07D3E-F617-426D-BDCD-2D8141D7E93B}.Debug|Any CPU.ActiveCfg = Debug|Any CPU
		{1FA07D3E-F617-426D-BDCD-2D8141D7E93B}.Debug|Any CPU.Build.0 = Debug|Any CPU
		{1FA07D3E-F617-426D-BDCD-2D8141D7E93B}.Release|Any CPU.ActiveCfg = Release|Any CPU
		{1FA07D3E-F617-426D-BDCD-2D8141D7E93B}.Release|Any CPU.Build.0 = Release|Any CPU
	EndGlobalSection
	GlobalSection(SolutionProperties) = preSolution
		HideSolutionNode = FALSE
	EndGlobalSection
	GlobalSection(ExtensibilityGlobals) = postSolution
		SolutionGuid = {EF2729C2-0FC5-459F-937E-DBDBD0CCDA05}
	EndGlobalSection
EndGlobal
